<?xml version="1.0" encoding="UTF-8" standalone="yes" ?>
<CodeBlocks_project_file>
	<FileVersion major="1" minor="6" />
	<Project>
		<Option title="EkdahlFarCB" />
		<Option pch_mode="2" />
		<Option compiler="teensyduino_1581" />
		<Build>
			<Target title="Debug">
				<Option output="bin/Debug/EkdahlFarCB.elf" prefix_auto="0" extension_auto="0" />
				<Option working_dir="" />
				<Option object_output="obj/Debug/" />
				<Option type="5" />
				<Option compiler="teensyduino_1581" />
				<Compiler>
					<Add option="-g" />
					<Add directory="./" />
				</Compiler>
			</Target>
			<Target title="Release">
				<Option output="bin/Release/EkdahlFarCB.elf" prefix_auto="0" extension_auto="0" />
				<Option working_dir="" />
				<Option object_output="obj/Release/" />
				<Option type="5" />
				<Option compiler="teensyduino_1581" />
				<Compiler>
					<Add option="-O2" />
					<Add option="-DEFARSLAVE" />
					<Add option="-DUSB_MIDI_SERIAL" />
					<Add directory="./" />
				</Compiler>
				<Linker>
					<Add option="-s" />
				</Linker>
			</Target>
			<Target title="Release Master">
				<Option output="bin/Release Master/EkdahlFarCB.elf" prefix_auto="0" extension_auto="0" />
				<Option working_dir="" />
				<Option object_output="obj/Release Master/" />
				<Option type="5" />
				<Option compiler="teensyduino_1581" />
				<Compiler>
					<Add option="-O2" />
					<Add option="-DEFARMASTER" />
					<Add option="-DUSB_MIDI_SERIAL" />
					<Add directory="./" />
				</Compiler>
				<Linker>
					<Add option="-s" />
				</Linker>
			</Target>
			<Target title="Release USB Audio">
				<Option output="bin/ReleaseUSBAudio/EkdahlFarCB.elf" prefix_auto="0" extension_auto="0" />
				<Option working_dir="" />
				<Option object_output="obj/ReleaseUSBAudio/" />
				<Option type="5" />
				<Option compiler="teensyduino_1581" />
				<Compiler>
					<Add option="-O2" />
					<Add option="-DEFARSLAVE" />
					<Add option="-DUSB_MIDI_AUDIO_SERIAL" />
					<Add option="-DAUDIO_INTERFACE" />
					<Add directory="./" />
				</Compiler>
				<Linker>
					<Add option="-s" />
				</Linker>
			</Target>
		</Build>
		<Compiler>
			<Add option="-mthumb" />
			<Add option="-Os" />
			<Add option="-Wall" />
			<Add option="-std=gnu++14" />
			<Add option="-g" />
			<Add option="-ffunction-sections" />
			<Add option="-fdata-sections" />
			<Add option="-nostdlib" />
			<Add option="-MMD" />
			<Add option="-mcpu=cortex-m7" />
			<Add option="-mfloat-abi=hard" />
			<Add option="-mfpu=fpv5-d16" />
			<Add option="-fno-exceptions" />
			<Add option="-fpermissive" />
			<Add option="-fno-rtti" />
			<Add option="-fno-threadsafe-statics" />
			<Add option="-felide-constructors" />
			<Add option="-Wno-error=narrowing" />
			<Add option="-D__IMXRT1062__" />
			<Add option="-DTEENSYDUINO=158" />
			<Add option="-DARDUINO_TEENSY40" />
			<Add option="-DLAYOUT_US_ENGLISH" />
			<Add option="-DF_CPU=600000000" />
			<Add option="-DARDUINO" />
			<Add directory="lib/teensy4" />
			<Add directory="lib/SafeString/src" />
			<Add directory="lib/EEPROM" />
			<Add directory="lib/Adafruit_BusIO" />
			<Add directory="lib/SPI" />
			<Add directory="lib/Wire" />
			<Add directory="lib/Audio" />
			<Add directory="lib/Audio/utility" />
			<Add directory="lib/SD/src" />
			<Add directory="lib/SdFat/src" />
			<Add directory="lib/SerialFlash" />
			<Add directory="lib/TMC2209/src" />
			<Add directory="lib/tinyexpr/src" />
			<Add directory="lib/Teensy_PWM/src" />
			<Add directory="lib/Adafruit_ADS1X15" />
			<Add directory="lib/MIDI" />
		</Compiler>
		<Linker>
			<Add option="-mthumb" />
			<Add option="-mcpu=cortex-m7" />
			<Add option="-mfloat-abi=hard" />
			<Add option="-mfpu=fpv5-d16" />
			<Add option="-Os" />
			<Add option="-Wl,--gc-sections" />
			<Add option="-Tlib/teensy4/imxrt1062.ld" />
			<Add library="libarm_cortexM7lfsp_math" />
			<Add library="m" />
			<Add library="stdc++" />
			<Add directory="teensy4" />
		</Linker>
		<ExtraCommands>
			<Add after="arm-none-eabi-size ${TARGET_OUTPUT_FILE}" />
			<Add after="arm-none-eabi-objcopy -O ihex -j .eeprom --set-section-flags=.eeprom=alloc,load --no-change-warnings --change-section-lma .eeprom=0 ${TARGET_OUTPUT_FILE} ${TARGET_OUTPUT_DIR}${TARGET_OUTPUT_BASENAME}.eep" />
			<Add after="arm-none-eabi-objcopy -O ihex -R .eeprom ${TARGET_OUTPUT_FILE} ${TARGET_OUTPUT_DIR}${TARGET_OUTPUT_BASENAME}.hex" />
			<Add after="arm-none-eabi-objdump -d ${TARGET_OUTPUT_FILE} &gt; ${TARGET_OUTPUT_DIR}${TARGET_OUTPUT_BASENAME}.lst" />
		</ExtraCommands>
		<Unit filename="lib/Adafruit_ADS1X15/Adafruit_ADS1X15.cpp" />
		<Unit filename="lib/Adafruit_ADS1X15/Adafruit_ADS1X15.h" />
		<Unit filename="lib/Adafruit_BusIO/Adafruit_BusIO_Register.cpp" />
		<Unit filename="lib/Adafruit_BusIO/Adafruit_BusIO_Register.h" />
		<Unit filename="lib/Adafruit_BusIO/Adafruit_I2CDevice.cpp" />
		<Unit filename="lib/Adafruit_BusIO/Adafruit_I2CDevice.h" />
		<Unit filename="lib/Adafruit_BusIO/Adafruit_I2CRegister.h" />
		<Unit filename="lib/Adafruit_BusIO/Adafruit_SPIDevice.cpp" />
		<Unit filename="lib/Adafruit_BusIO/Adafruit_SPIDevice.h" />
		<Unit filename="lib/Audio/Audio.h" />
		<Unit filename="lib/Audio/AudioControl.h" />
		<Unit filename="lib/Audio/Quantizer.cpp">
			<Option compile="0" />
			<Option link="0" />
		</Unit>
		<Unit filename="lib/Audio/Quantizer.h" />
		<Unit filename="lib/Audio/Resampler.cpp">
			<Option compile="0" />
			<Option link="0" />
		</Unit>
		<Unit filename="lib/Audio/Resampler.h" />
		<Unit filename="lib/Audio/analyze_fft1024.cpp">
			<Option compile="0" />
			<Option link="0" />
		</Unit>
		<Unit filename="lib/Audio/analyze_fft1024.h" />
		<Unit filename="lib/Audio/analyze_fft256.cpp">
			<Option compile="0" />
			<Option link="0" />
		</Unit>
		<Unit filename="lib/Audio/analyze_fft256.h" />
		<Unit filename="lib/Audio/analyze_notefreq.cpp" />
		<Unit filename="lib/Audio/analyze_notefreq.h">
			<Option compile="1" />
		</Unit>
		<Unit filename="lib/Audio/analyze_peak.cpp" />
		<Unit filename="lib/Audio/analyze_peak.h">
			<Option compile="1" />
		</Unit>
		<Unit filename="lib/Audio/analyze_print.cpp">
			<Option compile="0" />
			<Option link="0" />
		</Unit>
		<Unit filename="lib/Audio/analyze_print.h" />
		<Unit filename="lib/Audio/analyze_rms.cpp">
			<Option compile="0" />
			<Option link="0" />
		</Unit>
		<Unit filename="lib/Audio/analyze_rms.h" />
		<Unit filename="lib/Audio/analyze_tonedetect.cpp">
			<Option compile="0" />
			<Option link="0" />
		</Unit>
		<Unit filename="lib/Audio/analyze_tonedetect.h" />
		<Unit filename="lib/Audio/async_input_spdif3.cpp">
			<Option compile="0" />
			<Option link="0" />
		</Unit>
		<Unit filename="lib/Audio/async_input_spdif3.h" />
		<Unit filename="lib/Audio/biquad.h" />
		<Unit filename="lib/Audio/control_ak4558.cpp">
			<Option compile="0" />
			<Option link="0" />
		</Unit>
		<Unit filename="lib/Audio/control_ak4558.h" />
		<Unit filename="lib/Audio/control_cs42448.cpp">
			<Option compile="0" />
			<Option link="0" />
		</Unit>
		<Unit filename="lib/Audio/control_cs42448.h" />
		<Unit filename="lib/Audio/control_cs4272.cpp">
			<Option compile="0" />
			<Option link="0" />
		</Unit>
		<Unit filename="lib/Audio/control_cs4272.h" />
		<Unit filename="lib/Audio/control_sgtl5000.cpp">
			<Option compile="0" />
			<Option link="0" />
		</Unit>
		<Unit filename="lib/Audio/control_sgtl5000.h" />
		<Unit filename="lib/Audio/control_tlv320aic3206.cpp">
			<Option compile="0" />
			<Option link="0" />
		</Unit>
		<Unit filename="lib/Audio/control_tlv320aic3206.h" />
		<Unit filename="lib/Audio/control_wm8731.cpp">
			<Option compile="0" />
			<Option link="0" />
		</Unit>
		<Unit filename="lib/Audio/control_wm8731.h" />
		<Unit filename="lib/Audio/data_bandlimit_step.c">
			<Option compilerVar="CC" />
			<Option compile="0" />
			<Option link="0" />
		</Unit>
		<Unit filename="lib/Audio/data_spdif.c">
			<Option compilerVar="CC" />
			<Option compile="0" />
			<Option link="0" />
		</Unit>
		<Unit filename="lib/Audio/data_ulaw.c">
			<Option compilerVar="CC" />
			<Option compile="0" />
			<Option link="0" />
		</Unit>
		<Unit filename="lib/Audio/data_waveforms.c">
			<Option compilerVar="CC" />
			<Option compile="0" />
			<Option link="0" />
		</Unit>
		<Unit filename="lib/Audio/data_windows.c">
			<Option compilerVar="CC" />
			<Option compile="0" />
			<Option link="0" />
		</Unit>
		<Unit filename="lib/Audio/effect_bitcrusher.cpp">
			<Option compile="0" />
			<Option link="0" />
		</Unit>
		<Unit filename="lib/Audio/effect_bitcrusher.h" />
		<Unit filename="lib/Audio/effect_chorus.cpp">
			<Option compile="0" />
			<Option link="0" />
		</Unit>
		<Unit filename="lib/Audio/effect_chorus.h" />
		<Unit filename="lib/Audio/effect_combine.cpp">
			<Option compile="0" />
			<Option link="0" />
		</Unit>
		<Unit filename="lib/Audio/effect_combine.h" />
		<Unit filename="lib/Audio/effect_delay.cpp">
			<Option compile="0" />
			<Option link="0" />
		</Unit>
		<Unit filename="lib/Audio/effect_delay.h" />
		<Unit filename="lib/Audio/effect_delay_ext.cpp">
			<Option compile="0" />
			<Option link="0" />
		</Unit>
		<Unit filename="lib/Audio/effect_delay_ext.h" />
		<Unit filename="lib/Audio/effect_envelope.cpp">
			<Option compile="0" />
			<Option link="0" />
		</Unit>
		<Unit filename="lib/Audio/effect_envelope.h" />
		<Unit filename="lib/Audio/effect_fade.cpp">
			<Option compile="0" />
			<Option link="0" />
		</Unit>
		<Unit filename="lib/Audio/effect_fade.h" />
		<Unit filename="lib/Audio/effect_flange.cpp">
			<Option compile="0" />
			<Option link="0" />
		</Unit>
		<Unit filename="lib/Audio/effect_flange.h" />
		<Unit filename="lib/Audio/effect_freeverb.cpp">
			<Option compile="0" />
			<Option link="0" />
		</Unit>
		<Unit filename="lib/Audio/effect_freeverb.h" />
		<Unit filename="lib/Audio/effect_granular.cpp">
			<Option compile="0" />
			<Option link="0" />
		</Unit>
		<Unit filename="lib/Audio/effect_granular.h" />
		<Unit filename="lib/Audio/effect_midside.cpp">
			<Option compile="0" />
			<Option link="0" />
		</Unit>
		<Unit filename="lib/Audio/effect_midside.h" />
		<Unit filename="lib/Audio/effect_multiply.cpp">
			<Option compile="0" />
			<Option link="0" />
		</Unit>
		<Unit filename="lib/Audio/effect_multiply.h" />
		<Unit filename="lib/Audio/effect_rectifier.cpp">
			<Option compile="0" />
			<Option link="0" />
		</Unit>
		<Unit filename="lib/Audio/effect_rectifier.h" />
		<Unit filename="lib/Audio/effect_reverb.cpp">
			<Option compile="0" />
			<Option link="0" />
		</Unit>
		<Unit filename="lib/Audio/effect_reverb.h" />
		<Unit filename="lib/Audio/effect_wavefolder.cpp">
			<Option compile="0" />
			<Option link="0" />
		</Unit>
		<Unit filename="lib/Audio/effect_wavefolder.h" />
		<Unit filename="lib/Audio/effect_waveshaper.cpp">
			<Option compile="0" />
			<Option link="0" />
		</Unit>
		<Unit filename="lib/Audio/effect_waveshaper.h" />
		<Unit filename="lib/Audio/filter_biquad.cpp" />
		<Unit filename="lib/Audio/filter_biquad.h" />
		<Unit filename="lib/Audio/filter_fir.cpp">
			<Option compile="0" />
			<Option link="0" />
		</Unit>
		<Unit filename="lib/Audio/filter_fir.h" />
		<Unit filename="lib/Audio/filter_ladder.cpp">
			<Option compile="0" />
			<Option link="0" />
		</Unit>
		<Unit filename="lib/Audio/filter_ladder.h" />
		<Unit filename="lib/Audio/filter_variable.cpp">
			<Option compile="0" />
			<Option link="0" />
		</Unit>
		<Unit filename="lib/Audio/filter_variable.h" />
		<Unit filename="lib/Audio/input_adc.cpp">
			<Option compile="0" />
		</Unit>
		<Unit filename="lib/Audio/input_adc.h" />
		<Unit filename="lib/Audio/input_adcs.cpp">
			<Option compile="0" />
			<Option link="0" />
		</Unit>
		<Unit filename="lib/Audio/input_adcs.h" />
		<Unit filename="lib/Audio/input_i2s.cpp">
			<Option compile="0" />
			<Option link="0" />
		</Unit>
		<Unit filename="lib/Audio/input_i2s.h" />
		<Unit filename="lib/Audio/input_i2s2.cpp">
			<Option compile="0" />
			<Option link="0" />
		</Unit>
		<Unit filename="lib/Audio/input_i2s2.h" />
		<Unit filename="lib/Audio/input_i2s_hex.cpp">
			<Option compile="0" />
			<Option link="0" />
		</Unit>
		<Unit filename="lib/Audio/input_i2s_hex.h" />
		<Unit filename="lib/Audio/input_i2s_oct.cpp">
			<Option compile="0" />
			<Option link="0" />
		</Unit>
		<Unit filename="lib/Audio/input_i2s_oct.h" />
		<Unit filename="lib/Audio/input_i2s_quad.cpp">
			<Option compile="0" />
			<Option link="0" />
		</Unit>
		<Unit filename="lib/Audio/input_i2s_quad.h" />
		<Unit filename="lib/Audio/input_pdm.cpp">
			<Option compile="0" />
			<Option link="0" />
		</Unit>
		<Unit filename="lib/Audio/input_pdm.h" />
		<Unit filename="lib/Audio/input_pdm_i2s2.cpp">
			<Option compile="0" />
			<Option link="0" />
		</Unit>
		<Unit filename="lib/Audio/input_pdm_i2s2.h" />
		<Unit filename="lib/Audio/input_spdif3.cpp">
			<Option compile="0" />
			<Option link="0" />
		</Unit>
		<Unit filename="lib/Audio/input_spdif3.h" />
		<Unit filename="lib/Audio/input_tdm.cpp">
			<Option compile="0" />
			<Option link="0" />
		</Unit>
		<Unit filename="lib/Audio/input_tdm.h" />
		<Unit filename="lib/Audio/input_tdm2.cpp">
			<Option compile="0" />
			<Option link="0" />
		</Unit>
		<Unit filename="lib/Audio/input_tdm2.h" />
		<Unit filename="lib/Audio/memcpy_audio.S">
			<Option compile="0" />
			<Option link="0" />
		</Unit>
		<Unit filename="lib/Audio/memcpy_audio.h" />
		<Unit filename="lib/Audio/mixer.cpp">
			<Option compile="0" />
			<Option link="0" />
		</Unit>
		<Unit filename="lib/Audio/mixer.h" />
		<Unit filename="lib/Audio/output_adat.cpp">
			<Option compile="0" />
			<Option link="0" />
		</Unit>
		<Unit filename="lib/Audio/output_adat.h" />
		<Unit filename="lib/Audio/output_dac.cpp">
			<Option compile="0" />
			<Option link="0" />
		</Unit>
		<Unit filename="lib/Audio/output_dac.h" />
		<Unit filename="lib/Audio/output_dacs.cpp">
			<Option compile="0" />
			<Option link="0" />
		</Unit>
		<Unit filename="lib/Audio/output_dacs.h" />
		<Unit filename="lib/Audio/output_i2s.cpp">
			<Option compile="0" />
			<Option link="0" />
		</Unit>
		<Unit filename="lib/Audio/output_i2s.h" />
		<Unit filename="lib/Audio/output_i2s2.cpp">
			<Option compile="0" />
			<Option link="0" />
		</Unit>
		<Unit filename="lib/Audio/output_i2s2.h" />
		<Unit filename="lib/Audio/output_i2s_hex.cpp">
			<Option compile="0" />
			<Option link="0" />
		</Unit>
		<Unit filename="lib/Audio/output_i2s_hex.h" />
		<Unit filename="lib/Audio/output_i2s_oct.cpp">
			<Option compile="0" />
			<Option link="0" />
		</Unit>
		<Unit filename="lib/Audio/output_i2s_oct.h" />
		<Unit filename="lib/Audio/output_i2s_quad.cpp">
			<Option compile="0" />
			<Option link="0" />
		</Unit>
		<Unit filename="lib/Audio/output_i2s_quad.h" />
		<Unit filename="lib/Audio/output_mqs.cpp">
			<Option compile="0" />
			<Option link="0" />
		</Unit>
		<Unit filename="lib/Audio/output_mqs.h" />
		<Unit filename="lib/Audio/output_pt8211.cpp">
			<Option compile="0" />
			<Option link="0" />
		</Unit>
		<Unit filename="lib/Audio/output_pt8211.h" />
		<Unit filename="lib/Audio/output_pt8211_2.cpp">
			<Option compile="0" />
			<Option link="0" />
		</Unit>
		<Unit filename="lib/Audio/output_pt8211_2.h" />
		<Unit filename="lib/Audio/output_pwm.cpp">
			<Option compile="0" />
			<Option link="0" />
		</Unit>
		<Unit filename="lib/Audio/output_pwm.h" />
		<Unit filename="lib/Audio/output_spdif.cpp">
			<Option compile="0" />
			<Option link="0" />
		</Unit>
		<Unit filename="lib/Audio/output_spdif.h" />
		<Unit filename="lib/Audio/output_spdif2.cpp">
			<Option compile="0" />
			<Option link="0" />
		</Unit>
		<Unit filename="lib/Audio/output_spdif2.h" />
		<Unit filename="lib/Audio/output_spdif3.cpp">
			<Option compile="0" />
			<Option link="0" />
		</Unit>
		<Unit filename="lib/Audio/output_spdif3.h" />
		<Unit filename="lib/Audio/output_tdm.cpp">
			<Option compile="0" />
			<Option link="0" />
		</Unit>
		<Unit filename="lib/Audio/output_tdm.h" />
		<Unit filename="lib/Audio/output_tdm2.cpp">
			<Option compile="0" />
			<Option link="0" />
		</Unit>
		<Unit filename="lib/Audio/output_tdm2.h" />
		<Unit filename="lib/Audio/play_memory.cpp">
			<Option compile="0" />
			<Option link="0" />
		</Unit>
		<Unit filename="lib/Audio/play_memory.h" />
		<Unit filename="lib/Audio/play_queue.cpp">
			<Option compile="0" />
			<Option link="0" />
		</Unit>
		<Unit filename="lib/Audio/play_queue.h" />
		<Unit filename="lib/Audio/play_sd_raw.cpp">
			<Option compile="0" />
			<Option link="0" />
		</Unit>
		<Unit filename="lib/Audio/play_sd_raw.h" />
		<Unit filename="lib/Audio/play_sd_wav.cpp">
			<Option compile="0" />
			<Option link="0" />
		</Unit>
		<Unit filename="lib/Audio/play_sd_wav.h" />
		<Unit filename="lib/Audio/play_serialflash_raw.cpp">
			<Option compile="0" />
			<Option link="0" />
		</Unit>
		<Unit filename="lib/Audio/play_serialflash_raw.h" />
		<Unit filename="lib/Audio/record_queue.cpp">
			<Option compile="0" />
			<Option link="0" />
		</Unit>
		<Unit filename="lib/Audio/record_queue.h" />
		<Unit filename="lib/Audio/spi_interrupt.cpp">
			<Option compile="0" />
			<Option link="0" />
		</Unit>
		<Unit filename="lib/Audio/spi_interrupt.h" />
		<Unit filename="lib/Audio/synth_dc.cpp">
			<Option compile="0" />
			<Option link="0" />
		</Unit>
		<Unit filename="lib/Audio/synth_dc.h" />
		<Unit filename="lib/Audio/synth_karplusstrong.cpp">
			<Option compile="0" />
			<Option link="0" />
		</Unit>
		<Unit filename="lib/Audio/synth_karplusstrong.h" />
		<Unit filename="lib/Audio/synth_pinknoise.cpp">
			<Option compile="0" />
			<Option link="0" />
		</Unit>
		<Unit filename="lib/Audio/synth_pinknoise.h" />
		<Unit filename="lib/Audio/synth_pwm.cpp">
			<Option compile="0" />
			<Option link="0" />
		</Unit>
		<Unit filename="lib/Audio/synth_pwm.h" />
		<Unit filename="lib/Audio/synth_simple_drum.cpp">
			<Option compile="0" />
			<Option link="0" />
		</Unit>
		<Unit filename="lib/Audio/synth_simple_drum.h" />
		<Unit filename="lib/Audio/synth_sine.cpp">
			<Option compile="0" />
			<Option link="0" />
		</Unit>
		<Unit filename="lib/Audio/synth_sine.h" />
		<Unit filename="lib/Audio/synth_tonesweep.cpp">
			<Option compile="0" />
			<Option link="0" />
		</Unit>
		<Unit filename="lib/Audio/synth_tonesweep.h" />
		<Unit filename="lib/Audio/synth_waveform.cpp">
			<Option compile="0" />
			<Option link="0" />
		</Unit>
		<Unit filename="lib/Audio/synth_waveform.h" />
		<Unit filename="lib/Audio/synth_wavetable.cpp">
			<Option compile="0" />
			<Option link="0" />
		</Unit>
		<Unit filename="lib/Audio/synth_wavetable.h" />
		<Unit filename="lib/Audio/synth_whitenoise.cpp">
			<Option compile="0" />
			<Option link="0" />
		</Unit>
		<Unit filename="lib/Audio/synth_whitenoise.h" />
		<Unit filename="lib/Audio/utility/dma_chan.h" />
		<Unit filename="lib/Audio/utility/dspinst.h" />
		<Unit filename="lib/Audio/utility/imxrt_hw.cpp" />
		<Unit filename="lib/Audio/utility/imxrt_hw.h" />
		<Unit filename="lib/Audio/utility/pdb.h" />
		<Unit filename="lib/Audio/utility/sqrt_integer.c">
			<Option compilerVar="CC" />
		</Unit>
		<Unit filename="lib/Audio/utility/sqrt_integer.h" />
		<Unit filename="lib/EEPROM/EEPROM.cpp" />
		<Unit filename="lib/EEPROM/EEPROM.h" />
		<Unit filename="lib/MIDI/MIDI.cpp" />
		<Unit filename="lib/MIDI/MIDI.h" />
		<Unit filename="lib/MIDI/MIDI.hpp" />
		<Unit filename="lib/MIDI/midi_Defs.h" />
		<Unit filename="lib/MIDI/midi_Message.h" />
		<Unit filename="lib/MIDI/midi_Namespace.h" />
		<Unit filename="lib/MIDI/midi_Platform.h" />
		<Unit filename="lib/MIDI/midi_Settings.h" />
		<Unit filename="lib/MIDI/serialMIDI.h" />
		<Unit filename="lib/SD/src/SD.cpp" />
		<Unit filename="lib/SD/src/SD.h" />
		<Unit filename="lib/SPI/SPI.cpp" />
		<Unit filename="lib/SPI/SPI.h" />
		<Unit filename="lib/SafeString/src/BufferedInput.cpp" />
		<Unit filename="lib/SafeString/src/BufferedInput.h" />
		<Unit filename="lib/SafeString/src/BufferedOutput.cpp" />
		<Unit filename="lib/SafeString/src/BufferedOutput.h" />
		<Unit filename="lib/SafeString/src/PinFlasher.cpp" />
		<Unit filename="lib/SafeString/src/PinFlasher.h" />
		<Unit filename="lib/SafeString/src/SafeString.cpp" />
		<Unit filename="lib/SafeString/src/SafeString.h" />
		<Unit filename="lib/SafeString/src/SafeStringNameSpace.h" />
		<Unit filename="lib/SafeString/src/SafeStringNameSpaceEnd.h" />
		<Unit filename="lib/SafeString/src/SafeStringNameSpaceStart.h" />
		<Unit filename="lib/SafeString/src/SafeStringReader.cpp" />
		<Unit filename="lib/SafeString/src/SafeStringReader.h" />
		<Unit filename="lib/SafeString/src/SafeStringStream.cpp" />
		<Unit filename="lib/SafeString/src/SafeStringStream.h" />
		<Unit filename="lib/SafeString/src/SerialComs.cpp" />
		<Unit filename="lib/SafeString/src/SerialComs.h" />
		<Unit filename="lib/SafeString/src/loopTimer.cpp" />
		<Unit filename="lib/SafeString/src/loopTimer.h" />
		<Unit filename="lib/SafeString/src/millisDelay.cpp" />
		<Unit filename="lib/SafeString/src/millisDelay.h" />
		<Unit filename="lib/SdFat/doc/mainpage.h" />
		<Unit filename="lib/SdFat/src/BufferedPrint.h" />
		<Unit filename="lib/SdFat/src/DigitalIO/DigitalPin.h" />
		<Unit filename="lib/SdFat/src/DigitalIO/SoftSPI.h" />
		<Unit filename="lib/SdFat/src/DigitalIO/boards/AvrDevelopersGpioPinMap.h" />
		<Unit filename="lib/SdFat/src/DigitalIO/boards/BobuinoGpioPinMap.h" />
		<Unit filename="lib/SdFat/src/DigitalIO/boards/GpioPinMap.h" />
		<Unit filename="lib/SdFat/src/DigitalIO/boards/LeonardoGpioPinMap.h" />
		<Unit filename="lib/SdFat/src/DigitalIO/boards/MegaGpioPinMap.h" />
		<Unit filename="lib/SdFat/src/DigitalIO/boards/SleepingBeautyGpioPinMap.h" />
		<Unit filename="lib/SdFat/src/DigitalIO/boards/Standard1284GpioPinMap.h" />
		<Unit filename="lib/SdFat/src/DigitalIO/boards/Teensy2GpioPinMap.h" />
		<Unit filename="lib/SdFat/src/DigitalIO/boards/Teensy2ppGpioPinMap.h" />
		<Unit filename="lib/SdFat/src/DigitalIO/boards/UnoGpioPinMap.h" />
		<Unit filename="lib/SdFat/src/ExFatLib/ExFatConfig.h" />
		<Unit filename="lib/SdFat/src/ExFatLib/ExFatDbg.cpp" />
		<Unit filename="lib/SdFat/src/ExFatLib/ExFatFile.cpp" />
		<Unit filename="lib/SdFat/src/ExFatLib/ExFatFile.h" />
		<Unit filename="lib/SdFat/src/ExFatLib/ExFatFilePrint.cpp" />
		<Unit filename="lib/SdFat/src/ExFatLib/ExFatFileWrite.cpp" />
		<Unit filename="lib/SdFat/src/ExFatLib/ExFatFormatter.cpp" />
		<Unit filename="lib/SdFat/src/ExFatLib/ExFatFormatter.h" />
		<Unit filename="lib/SdFat/src/ExFatLib/ExFatLib.h" />
		<Unit filename="lib/SdFat/src/ExFatLib/ExFatName.cpp" />
		<Unit filename="lib/SdFat/src/ExFatLib/ExFatPartition.cpp" />
		<Unit filename="lib/SdFat/src/ExFatLib/ExFatPartition.h" />
		<Unit filename="lib/SdFat/src/ExFatLib/ExFatVolume.cpp" />
		<Unit filename="lib/SdFat/src/ExFatLib/ExFatVolume.h" />
		<Unit filename="lib/SdFat/src/ExFatLib/upcase.cpp" />
		<Unit filename="lib/SdFat/src/FatLib/FatDbg.cpp" />
		<Unit filename="lib/SdFat/src/FatLib/FatFile.cpp" />
		<Unit filename="lib/SdFat/src/FatLib/FatFile.h" />
		<Unit filename="lib/SdFat/src/FatLib/FatFileLFN.cpp" />
		<Unit filename="lib/SdFat/src/FatLib/FatFilePrint.cpp" />
		<Unit filename="lib/SdFat/src/FatLib/FatFileSFN.cpp" />
		<Unit filename="lib/SdFat/src/FatLib/FatFormatter.cpp" />
		<Unit filename="lib/SdFat/src/FatLib/FatFormatter.h" />
		<Unit filename="lib/SdFat/src/FatLib/FatLib.h" />
		<Unit filename="lib/SdFat/src/FatLib/FatName.cpp" />
		<Unit filename="lib/SdFat/src/FatLib/FatPartition.cpp" />
		<Unit filename="lib/SdFat/src/FatLib/FatPartition.h" />
		<Unit filename="lib/SdFat/src/FatLib/FatVolume.cpp" />
		<Unit filename="lib/SdFat/src/FatLib/FatVolume.h" />
		<Unit filename="lib/SdFat/src/FreeStack.cpp" />
		<Unit filename="lib/SdFat/src/FreeStack.h" />
		<Unit filename="lib/SdFat/src/FsLib/FsFile.cpp" />
		<Unit filename="lib/SdFat/src/FsLib/FsFile.h" />
		<Unit filename="lib/SdFat/src/FsLib/FsFormatter.h" />
		<Unit filename="lib/SdFat/src/FsLib/FsLib.h" />
		<Unit filename="lib/SdFat/src/FsLib/FsNew.cpp" />
		<Unit filename="lib/SdFat/src/FsLib/FsNew.h" />
		<Unit filename="lib/SdFat/src/FsLib/FsVolume.cpp" />
		<Unit filename="lib/SdFat/src/FsLib/FsVolume.h" />
		<Unit filename="lib/SdFat/src/MinimumSerial.cpp" />
		<Unit filename="lib/SdFat/src/MinimumSerial.h" />
		<Unit filename="lib/SdFat/src/RingBuf.h" />
		<Unit filename="lib/SdFat/src/SdCard/SdCard.h" />
		<Unit filename="lib/SdFat/src/SdCard/SdCardInfo.cpp" />
		<Unit filename="lib/SdFat/src/SdCard/SdCardInfo.h" />
		<Unit filename="lib/SdFat/src/SdCard/SdCardInterface.h" />
		<Unit filename="lib/SdFat/src/SdCard/SdSpiCard.cpp" />
		<Unit filename="lib/SdFat/src/SdCard/SdSpiCard.h" />
		<Unit filename="lib/SdFat/src/SdCard/SdioCard.h" />
		<Unit filename="lib/SdFat/src/SdCard/SdioTeensy.cpp" />
		<Unit filename="lib/SdFat/src/SdCard/SdioTeensy.h" />
		<Unit filename="lib/SdFat/src/SdFat.h" />
		<Unit filename="lib/SdFat/src/SdFatConfig.h" />
		<Unit filename="lib/SdFat/src/SpiDriver/SdSpiArduinoDriver.h" />
		<Unit filename="lib/SdFat/src/SpiDriver/SdSpiArtemis.cpp" />
		<Unit filename="lib/SdFat/src/SpiDriver/SdSpiAvr.h" />
		<Unit filename="lib/SdFat/src/SpiDriver/SdSpiBareUnoDriver.h" />
		<Unit filename="lib/SdFat/src/SpiDriver/SdSpiBaseClass.h" />
		<Unit filename="lib/SdFat/src/SpiDriver/SdSpiChipSelect.cpp" />
		<Unit filename="lib/SdFat/src/SpiDriver/SdSpiDriver.h" />
		<Unit filename="lib/SdFat/src/SpiDriver/SdSpiDue.cpp" />
		<Unit filename="lib/SdFat/src/SpiDriver/SdSpiESP.cpp" />
		<Unit filename="lib/SdFat/src/SpiDriver/SdSpiLibDriver.h" />
		<Unit filename="lib/SdFat/src/SpiDriver/SdSpiParticle.cpp" />
		<Unit filename="lib/SdFat/src/SpiDriver/SdSpiSTM32.cpp" />
		<Unit filename="lib/SdFat/src/SpiDriver/SdSpiSTM32Core.cpp" />
		<Unit filename="lib/SdFat/src/SpiDriver/SdSpiSoftDriver.h" />
		<Unit filename="lib/SdFat/src/SpiDriver/SdSpiTeensy3.cpp" />
		<Unit filename="lib/SdFat/src/common/ArduinoFiles.h" />
		<Unit filename="lib/SdFat/src/common/CompileDateTime.h" />
		<Unit filename="lib/SdFat/src/common/DebugMacros.h" />
		<Unit filename="lib/SdFat/src/common/FmtNumber.cpp" />
		<Unit filename="lib/SdFat/src/common/FmtNumber.h" />
		<Unit filename="lib/SdFat/src/common/FsApiConstants.h" />
		<Unit filename="lib/SdFat/src/common/FsBlockDevice.h" />
		<Unit filename="lib/SdFat/src/common/FsBlockDeviceInterface.h" />
		<Unit filename="lib/SdFat/src/common/FsCache.cpp" />
		<Unit filename="lib/SdFat/src/common/FsCache.h" />
		<Unit filename="lib/SdFat/src/common/FsDateTime.cpp" />
		<Unit filename="lib/SdFat/src/common/FsDateTime.h" />
		<Unit filename="lib/SdFat/src/common/FsName.cpp" />
		<Unit filename="lib/SdFat/src/common/FsName.h" />
		<Unit filename="lib/SdFat/src/common/FsStructs.cpp" />
		<Unit filename="lib/SdFat/src/common/FsStructs.h" />
		<Unit filename="lib/SdFat/src/common/FsUtf.cpp" />
		<Unit filename="lib/SdFat/src/common/FsUtf.h" />
		<Unit filename="lib/SdFat/src/common/PrintBasic.cpp" />
		<Unit filename="lib/SdFat/src/common/PrintBasic.h" />
		<Unit filename="lib/SdFat/src/common/SysCall.h" />
		<Unit filename="lib/SdFat/src/common/upcase.cpp" />
		<Unit filename="lib/SdFat/src/common/upcase.h" />
		<Unit filename="lib/SdFat/src/iostream/ArduinoStream.h" />
		<Unit filename="lib/SdFat/src/iostream/StdioStream.cpp" />
		<Unit filename="lib/SdFat/src/iostream/StdioStream.h" />
		<Unit filename="lib/SdFat/src/iostream/StreamBaseClass.cpp" />
		<Unit filename="lib/SdFat/src/iostream/bufstream.h" />
		<Unit filename="lib/SdFat/src/iostream/fstream.h" />
		<Unit filename="lib/SdFat/src/iostream/ios.h" />
		<Unit filename="lib/SdFat/src/iostream/iostream.h" />
		<Unit filename="lib/SdFat/src/iostream/istream.cpp" />
		<Unit filename="lib/SdFat/src/iostream/istream.h" />
		<Unit filename="lib/SdFat/src/iostream/ostream.cpp" />
		<Unit filename="lib/SdFat/src/iostream/ostream.h" />
		<Unit filename="lib/SdFat/src/sdios.h" />
		<Unit filename="lib/SerialFlash/SerialFlash.h" />
		<Unit filename="lib/SerialFlash/SerialFlashChip.cpp" />
		<Unit filename="lib/SerialFlash/SerialFlashDirectory.cpp" />
		<Unit filename="lib/SerialFlash/util/SerialFlash_directwrite.h" />
		<Unit filename="lib/TMC2209/src/TMC2209.cpp">
			<Option compile="0" />
			<Option link="0" />
		</Unit>
		<Unit filename="lib/TMC2209/src/TMC2209.h" />
		<Unit filename="lib/Teensy_PWM/Packages_Patches/hardware/teensy/avr/cores/teensy/Stream.cpp">
			<Option compile="0" />
			<Option link="0" />
		</Unit>
		<Unit filename="lib/Teensy_PWM/Packages_Patches/hardware/teensy/avr/cores/teensy/Stream.h" />
		<Unit filename="lib/Teensy_PWM/Packages_Patches/hardware/teensy/avr/cores/teensy3/Stream.cpp">
			<Option compile="0" />
			<Option link="0" />
		</Unit>
		<Unit filename="lib/Teensy_PWM/Packages_Patches/hardware/teensy/avr/cores/teensy3/Stream.h" />
		<Unit filename="lib/Teensy_PWM/Packages_Patches/hardware/teensy/avr/cores/teensy4/Stream.cpp">
			<Option compile="0" />
			<Option link="0" />
		</Unit>
		<Unit filename="lib/Teensy_PWM/Packages_Patches/hardware/teensy/avr/cores/teensy4/Stream.h" />
		<Unit filename="lib/Teensy_PWM/src/PWM_Generic_Debug.h" />
		<Unit filename="lib/Teensy_PWM/src/Teensy_PWM.h" />
		<Unit filename="lib/Wire/Wire.cpp" />
		<Unit filename="lib/Wire/Wire.h" />
		<Unit filename="lib/Wire/WireIMXRT.cpp" />
		<Unit filename="lib/Wire/WireIMXRT.h" />
		<Unit filename="lib/Wire/WireKinetis.cpp" />
		<Unit filename="lib/Wire/WireKinetis.h" />
		<Unit filename="lib/Wire/utility/twi.c">
			<Option compilerVar="CC" />
		</Unit>
		<Unit filename="lib/Wire/utility/twi.h" />
		<Unit filename="lib/teensy4/Arduino.h" />
		<Unit filename="lib/teensy4/AudioStream.cpp" />
		<Unit filename="lib/teensy4/AudioStream.h" />
		<Unit filename="lib/teensy4/Blink.cc">
			<Option compile="0" />
			<Option link="0" />
		</Unit>
		<Unit filename="lib/teensy4/Client.h" />
		<Unit filename="lib/teensy4/CrashReport.cpp" />
		<Unit filename="lib/teensy4/CrashReport.h" />
		<Unit filename="lib/teensy4/DMAChannel.cpp" />
		<Unit filename="lib/teensy4/DMAChannel.h" />
		<Unit filename="lib/teensy4/EventResponder.cpp" />
		<Unit filename="lib/teensy4/EventResponder.h" />
		<Unit filename="lib/teensy4/FS.h" />
		<Unit filename="lib/teensy4/HardwareSerial.cpp" />
		<Unit filename="lib/teensy4/HardwareSerial.h" />
		<Unit filename="lib/teensy4/HardwareSerial1.cpp" />
		<Unit filename="lib/teensy4/HardwareSerial2.cpp" />
		<Unit filename="lib/teensy4/HardwareSerial3.cpp" />
		<Unit filename="lib/teensy4/HardwareSerial4.cpp" />
		<Unit filename="lib/teensy4/HardwareSerial5.cpp" />
		<Unit filename="lib/teensy4/HardwareSerial6.cpp" />
		<Unit filename="lib/teensy4/HardwareSerial7.cpp" />
		<Unit filename="lib/teensy4/HardwareSerial8.cpp" />
		<Unit filename="lib/teensy4/IPAddress.cpp" />
		<Unit filename="lib/teensy4/IPAddress.h" />
		<Unit filename="lib/teensy4/IntervalTimer.cpp" />
		<Unit filename="lib/teensy4/IntervalTimer.h" />
		<Unit filename="lib/teensy4/Keyboard.h" />
		<Unit filename="lib/teensy4/MIDIUSB.h" />
		<Unit filename="lib/teensy4/Mouse.h" />
		<Unit filename="lib/teensy4/Print.cpp" />
		<Unit filename="lib/teensy4/Print.h" />
		<Unit filename="lib/teensy4/Printable.h" />
		<Unit filename="lib/teensy4/Server.h" />
		<Unit filename="lib/teensy4/Stream.cpp" />
		<Unit filename="lib/teensy4/Stream.h" />
		<Unit filename="lib/teensy4/Time.cpp" />
		<Unit filename="lib/teensy4/Tone.cpp" />
		<Unit filename="lib/teensy4/Udp.h" />
		<Unit filename="lib/teensy4/WCharacter.h" />
		<Unit filename="lib/teensy4/WMath.cpp" />
		<Unit filename="lib/teensy4/WProgram.h" />
		<Unit filename="lib/teensy4/WString.cpp" />
		<Unit filename="lib/teensy4/WString.h" />
		<Unit filename="lib/teensy4/analog.c">
			<Option compilerVar="CC" />
		</Unit>
		<Unit filename="lib/teensy4/arm_common_tables.h" />
		<Unit filename="lib/teensy4/arm_const_structs.h" />
		<Unit filename="lib/teensy4/arm_math.h" />
		<Unit filename="lib/teensy4/avr/eeprom.h" />
		<Unit filename="lib/teensy4/avr/interrupt.h" />
		<Unit filename="lib/teensy4/avr/io.h" />
		<Unit filename="lib/teensy4/avr/pgmspace.h" />
		<Unit filename="lib/teensy4/avr/power.h" />
		<Unit filename="lib/teensy4/avr/sleep.h" />
		<Unit filename="lib/teensy4/avr/wdt.h" />
		<Unit filename="lib/teensy4/avr_emulation.h" />
		<Unit filename="lib/teensy4/avr_functions.h" />
		<Unit filename="lib/teensy4/binary.h" />
		<Unit filename="lib/teensy4/bootdata.c">
			<Option compilerVar="CC" />
		</Unit>
		<Unit filename="lib/teensy4/clockspeed.c">
			<Option compilerVar="CC" />
		</Unit>
		<Unit filename="lib/teensy4/cmsis_gcc.h" />
		<Unit filename="lib/teensy4/core_cm7.h" />
		<Unit filename="lib/teensy4/core_cmInstr.h" />
		<Unit filename="lib/teensy4/core_id.h" />
		<Unit filename="lib/teensy4/core_pins.h" />
		<Unit filename="lib/teensy4/debug/printf.h" />
		<Unit filename="lib/teensy4/debugprintf.c">
			<Option compilerVar="CC" />
		</Unit>
		<Unit filename="lib/teensy4/delay.c">
			<Option compilerVar="CC" />
		</Unit>
		<Unit filename="lib/teensy4/digital.c">
			<Option compilerVar="CC" />
		</Unit>
		<Unit filename="lib/teensy4/eeprom.c">
			<Option compilerVar="CC" />
		</Unit>
		<Unit filename="lib/teensy4/elapsedMillis.h" />
		<Unit filename="lib/teensy4/extmem.c">
			<Option compilerVar="CC" />
		</Unit>
		<Unit filename="lib/teensy4/fuse.c">
			<Option compilerVar="CC" />
		</Unit>
		<Unit filename="lib/teensy4/imxrt.h" />
		<Unit filename="lib/teensy4/interrupt.c">
			<Option compilerVar="CC" />
		</Unit>
		<Unit filename="lib/teensy4/keylayouts.c">
			<Option compilerVar="CC" />
		</Unit>
		<Unit filename="lib/teensy4/keylayouts.h" />
		<Unit filename="lib/teensy4/libc.c">
			<Option compilerVar="CC" />
		</Unit>
		<Unit filename="lib/teensy4/main.cpp" />
		<Unit filename="lib/teensy4/math_helper.h" />
		<Unit filename="lib/teensy4/memcpy-armv7m.S" />
		<Unit filename="lib/teensy4/memset.S" />
		<Unit filename="lib/teensy4/new.cpp" />
		<Unit filename="lib/teensy4/nonstd.c">
			<Option compilerVar="CC" />
		</Unit>
		<Unit filename="lib/teensy4/pgmspace.h" />
		<Unit filename="lib/teensy4/pins_arduino.h" />
		<Unit filename="lib/teensy4/pwm.c">
			<Option compilerVar="CC" />
		</Unit>
		<Unit filename="lib/teensy4/rtc.c">
			<Option compilerVar="CC" />
		</Unit>
		<Unit filename="lib/teensy4/serialEvent.cpp" />
		<Unit filename="lib/teensy4/serialEvent1.cpp" />
		<Unit filename="lib/teensy4/serialEvent2.cpp" />
		<Unit filename="lib/teensy4/serialEvent3.cpp" />
		<Unit filename="lib/teensy4/serialEvent4.cpp" />
		<Unit filename="lib/teensy4/serialEvent5.cpp" />
		<Unit filename="lib/teensy4/serialEvent6.cpp" />
		<Unit filename="lib/teensy4/serialEvent7.cpp" />
		<Unit filename="lib/teensy4/serialEvent8.cpp" />
		<Unit filename="lib/teensy4/serialEventUSB1.cpp" />
		<Unit filename="lib/teensy4/serialEventUSB2.cpp" />
		<Unit filename="lib/teensy4/sm_alloc_valid.c">
			<Option compilerVar="CC" />
		</Unit>
		<Unit filename="lib/teensy4/sm_calloc.c">
			<Option compilerVar="CC" />
		</Unit>
		<Unit filename="lib/teensy4/sm_free.c">
			<Option compilerVar="CC" />
		</Unit>
		<Unit filename="lib/teensy4/sm_hash.c">
			<Option compilerVar="CC" />
		</Unit>
		<Unit filename="lib/teensy4/sm_malloc.c">
			<Option compilerVar="CC" />
		</Unit>
		<Unit filename="lib/teensy4/sm_malloc_stats.c">
			<Option compilerVar="CC" />
		</Unit>
		<Unit filename="lib/teensy4/sm_pool.c">
			<Option compilerVar="CC" />
		</Unit>
		<Unit filename="lib/teensy4/sm_realloc.c">
			<Option compilerVar="CC" />
		</Unit>
		<Unit filename="lib/teensy4/sm_realloc_i.c">
			<Option compilerVar="CC" />
		</Unit>
		<Unit filename="lib/teensy4/sm_realloc_move.c">
			<Option compilerVar="CC" />
		</Unit>
		<Unit filename="lib/teensy4/sm_szalloc.c">
			<Option compilerVar="CC" />
		</Unit>
		<Unit filename="lib/teensy4/sm_util.c">
			<Option compilerVar="CC" />
		</Unit>
		<Unit filename="lib/teensy4/sm_zalloc.c">
			<Option compilerVar="CC" />
		</Unit>
		<Unit filename="lib/teensy4/smalloc.h" />
		<Unit filename="lib/teensy4/smalloc_i.h" />
		<Unit filename="lib/teensy4/startup.c">
			<Option compilerVar="CC" />
		</Unit>
		<Unit filename="lib/teensy4/tempmon.c">
			<Option compilerVar="CC" />
		</Unit>
		<Unit filename="lib/teensy4/usb.c">
			<Option compilerVar="CC" />
		</Unit>
		<Unit filename="lib/teensy4/usb_audio.cpp" />
		<Unit filename="lib/teensy4/usb_audio.h" />
		<Unit filename="lib/teensy4/usb_desc.c">
			<Option compilerVar="CC" />
		</Unit>
		<Unit filename="lib/teensy4/usb_desc.h" />
		<Unit filename="lib/teensy4/usb_dev.h" />
		<Unit filename="lib/teensy4/usb_flightsim.cpp" />
		<Unit filename="lib/teensy4/usb_flightsim.h" />
		<Unit filename="lib/teensy4/usb_inst.cpp" />
		<Unit filename="lib/teensy4/usb_joystick.c">
			<Option compilerVar="CC" />
		</Unit>
		<Unit filename="lib/teensy4/usb_joystick.h" />
		<Unit filename="lib/teensy4/usb_keyboard.c">
			<Option compilerVar="CC" />
		</Unit>
		<Unit filename="lib/teensy4/usb_keyboard.h" />
		<Unit filename="lib/teensy4/usb_midi.c">
			<Option compilerVar="CC" />
		</Unit>
		<Unit filename="lib/teensy4/usb_midi.h" />
		<Unit filename="lib/teensy4/usb_mouse.c">
			<Option compilerVar="CC" />
		</Unit>
		<Unit filename="lib/teensy4/usb_mouse.h" />
		<Unit filename="lib/teensy4/usb_mtp.c">
			<Option compilerVar="CC" />
		</Unit>
		<Unit filename="lib/teensy4/usb_mtp.h" />
		<Unit filename="lib/teensy4/usb_names.h" />
		<Unit filename="lib/teensy4/usb_rawhid.c">
			<Option compilerVar="CC" />
		</Unit>
		<Unit filename="lib/teensy4/usb_rawhid.h" />
		<Unit filename="lib/teensy4/usb_seremu.c">
			<Option compilerVar="CC" />
		</Unit>
		<Unit filename="lib/teensy4/usb_seremu.h" />
		<Unit filename="lib/teensy4/usb_serial.c">
			<Option compilerVar="CC" />
		</Unit>
		<Unit filename="lib/teensy4/usb_serial.h" />
		<Unit filename="lib/teensy4/usb_serial2.c">
			<Option compilerVar="CC" />
		</Unit>
		<Unit filename="lib/teensy4/usb_serial3.c">
			<Option compilerVar="CC" />
		</Unit>
		<Unit filename="lib/teensy4/usb_touch.c">
			<Option compilerVar="CC" />
		</Unit>
		<Unit filename="lib/teensy4/usb_touch.h" />
		<Unit filename="lib/teensy4/util/atomic.h" />
		<Unit filename="lib/teensy4/util/crc16.h" />
		<Unit filename="lib/teensy4/util/delay.h" />
		<Unit filename="lib/teensy4/util/parity.h" />
		<Unit filename="lib/teensy4/wiring.h" />
		<Unit filename="lib/teensy4/wiring_private.h" />
		<Unit filename="lib/teensy4/yield.cpp" />
		<Unit filename="lib/tinyexpr/src/tinyexpr.c">
			<Option compilerVar="CC" />
		</Unit>
		<Unit filename="lib/tinyexpr/src/tinyexpr.h" />
		<Unit filename="src/audioanalyze.h" />
		<Unit filename="src/automaticversion.hpp" />
		<Unit filename="src/bowActuators.cpp">
			<Option compile="0" />
			<Option link="0" />
		</Unit>
		<Unit filename="src/bowActuators.h" />
		<Unit filename="src/bowcontrol.cpp">
			<Option compile="0" />
			<Option link="0" />
		</Unit>
		<Unit filename="src/bowcontrol.h" />
		<Unit filename="src/bowio.cpp">
			<Option compile="0" />
			<Option link="0" />
		</Unit>
		<Unit filename="src/bowio.h" />
		<Unit filename="src/calibrate.cpp">
			<Option compile="0" />
			<Option link="0" />
		</Unit>
		<Unit filename="src/calibrate.h" />
		<Unit filename="src/commandparser.h" />
		<Unit filename="src/configuration.cpp">
			<Option compile="0" />
			<Option link="0" />
		</Unit>
		<Unit filename="src/configuration.h" />
		<Unit filename="src/controlReader.cpp">
			<Option compile="0" />
			<Option link="0" />
		</Unit>
		<Unit filename="src/controlReader.h" />
		<Unit filename="src/debugprint.h" />
		<Unit filename="src/eepromhelpers.cpp">
			<Option compile="0" />
			<Option link="0" />
		</Unit>
		<Unit filename="src/harmonicSeries.cpp">
			<Option compile="0" />
			<Option link="0" />
		</Unit>
		<Unit filename="src/harmonicSeries.h" />
		<Unit filename="src/isrclasswrapper.cpp">
			<Option compile="0" />
			<Option link="0" />
		</Unit>
		<Unit filename="src/main.cpp" />
		<Unit filename="src/maincommandhandler.cpp">
			<Option compile="0" />
			<Option link="0" />
		</Unit>
		<Unit filename="src/midi.cpp">
			<Option compile="0" />
			<Option link="0" />
		</Unit>
		<Unit filename="src/mute.cpp">
			<Option compile="0" />
			<Option link="0" />
		</Unit>
		<Unit filename="src/mute.h" />
		<Unit filename="src/name.c">
			<Option compilerVar="CC" />
		</Unit>
		<Unit filename="src/servostepper.h" />
		<Unit filename="src/settingshandler.cpp">
			<Option compile="0" />
			<Option link="0" />
		</Unit>
		<Unit filename="src/solenoid.cpp">
			<Option compile="0" />
			<Option link="0" />
		</Unit>
		<Unit filename="src/stringmodule.cpp">
			<Option compile="0" />
			<Option link="0" />
		</Unit>
		<Unit filename="src/stringmodule.hpp" />
		<Unit filename="trashcollection.txt" />
		<Extensions />
	</Project>
</CodeBlocks_project_file>
