<?xml version="1.0" encoding="UTF-8" standalone="yes" ?>
<CodeBlocks_project_file>
	<FileVersion major="1" minor="6" />
	<Project>
		<Option title="solenoid_individual" />
		<Option makefile="makefile" />
		<Option makefile_is_custom="1" />
		<Option pch_mode="2" />
		<Option compiler="avr-gcc" />
		<Build>
			<Target title="Debug">
				<Option output="bin/Debug/solenoid_individual.elf" prefix_auto="1" extension_auto="0" />
				<Option working_dir="" />
				<Option object_output="obj/Debug/" />
				<Option type="5" />
				<Option compiler="avr-gcc" />
				<Compiler>
					<Add option="-g" />
				</Compiler>
			</Target>
			<Target title="Release">
				<Option output="bin/Release/solenoid_individual.elf" prefix_auto="1" extension_auto="0" />
				<Option working_dir="" />
				<Option object_output="obj/Release/" />
				<Option type="5" />
				<Option compiler="avr-gcc" />
				<Compiler>
					<Add option="-Os" />
				</Compiler>
			</Target>
			<Target title="Atmega328p">
				<Option output="solenoid_individual" prefix_auto="1" extension_auto="1" />
				<Option type="0" />
				<Option compiler="avr-gcc" />
			</Target>
			<Target title="Atmega2560">
				<Option output="solenoid_individual" prefix_auto="1" extension_auto="1" />
				<Option type="0" />
				<Option compiler="avr-gcc" />
			</Target>
			<Target title="Samd21">
				<Option output="solenoid_individual" prefix_auto="1" extension_auto="1" />
				<Option type="0" />
				<Option compiler="avr-gcc" />
			</Target>
			<Environment>
				<Variable name="ARDUINO_FQBN" value="arduino:avr:nano:cpu=atmega328old" />
			</Environment>
		</Build>
		<Compiler>
			<Add option="-Wall" />
		</Compiler>
		<Unit filename="../../include/base/arduinorequired.hpp">
			<Option target="Debug" />
			<Option target="Release" />
		</Unit>
		<Unit filename="../../include/base/basemodule.hpp" />
		<Unit filename="../../include/base/commanditem.hpp" />
		<Unit filename="../../include/base/commandparser.hpp">
			<Option target="Debug" />
			<Option target="Release" />
		</Unit>
		<Unit filename="../../include/base/debugprint.hpp">
			<Option target="Debug" />
			<Option target="Release" />
		</Unit>
		<Unit filename="../../include/base/module.hpp">
			<Option target="Debug" />
			<Option target="Release" />
		</Unit>
		<Unit filename="../../include/base/modulesystembasics.hpp">
			<Option target="Debug" />
			<Option target="Release" />
		</Unit>
		<Unit filename="../../include/base/modulesystemglobalfunctions.hpp">
			<Option target="Debug" />
			<Option target="Release" />
		</Unit>
		<Unit filename="../../include/solenoid/solenoid.hpp">
			<Option target="Debug" />
			<Option target="Release" />
		</Unit>
		<Unit filename="../../src/base/arduinorequired.cpp">
			<Option target="Debug" />
			<Option target="Release" />
		</Unit>
		<Unit filename="../../src/base/basemodule.cpp" />
		<Unit filename="../../src/base/commanditem.cpp" />
		<Unit filename="../../src/base/commandparser.cpp">
			<Option target="Debug" />
			<Option target="Release" />
		</Unit>
		<Unit filename="../../src/base/debugprint.cpp">
			<Option target="Debug" />
			<Option target="Release" />
		</Unit>
		<Unit filename="../../src/base/module.cpp">
			<Option target="Debug" />
			<Option target="Release" />
		</Unit>
		<Unit filename="../../src/base/modulesystembasics.cpp">
			<Option target="Debug" />
			<Option target="Release" />
		</Unit>
		<Unit filename="../../src/base/modulesystemglobalfunctions.cpp">
			<Option target="Debug" />
			<Option target="Release" />
		</Unit>
		<Unit filename="../../src/solenoid/solenoid.cpp">
			<Option target="Debug" />
			<Option target="Release" />
		</Unit>
		<Unit filename="../arduino/HardwareSerial.cpp">
			<Option target="Debug" />
			<Option target="Release" />
		</Unit>
		<Unit filename="../arduino/HardwareSerial.h">
			<Option target="Debug" />
			<Option target="Release" />
		</Unit>
		<Unit filename="../arduino/HardwareSerial0.cpp">
			<Option target="Debug" />
			<Option target="Release" />
		</Unit>
		<Unit filename="../arduino/pins_arduino.h">
			<Option target="Debug" />
			<Option target="Release" />
		</Unit>
		<Unit filename="makefile">
			<Option target="Debug" />
			<Option target="Release" />
		</Unit>
		<Unit filename="src/main.cpp">
			<Option target="Debug" />
			<Option target="Release" />
		</Unit>
		<Extensions>
			<lib_finder disable_auto="1" />
		</Extensions>
	</Project>
</CodeBlocks_project_file>
